
Microsoft Visual Studio Solution File, Format Version 12.00
# Visual Studio 15
Project("{FAE04EC0-301F-11D3-BF4B-00C04F79EFBC}") = "UnityEngine.UI", "UnityEngine.UI.csproj", "{AACBF33E-681E-892E-C6CC-282714104A6A}"
EndProject
Project("{FAE04EC0-301F-11D3-BF4B-00C04F79EFBC}") = "Assembly-CSharp", "Assembly-CSharp.csproj", "{0DC209D4-83E2-3320-D70E-005F731B15F3}"
EndProject
Project("{FAE04EC0-301F-11D3-BF4B-00C04F79EFBC}") = "Unity.2D.Tilemap.Editor", "Unity.2D.Tilemap.Editor.csproj", "{68581EC0-35A9-CC04-B913-B952798E20FC}"
EndProject
Project("{FAE04EC0-301F-11D3-BF4B-00C04F79EFBC}") = "Unity.2D.Sprite.Editor", "Unity.2D.Sprite.Editor.csproj", "{3AFC0D39-C66B-460D-10C3-952F13BE9885}"
EndProject
Project("{FAE04EC0-301F-11D3-BF4B-00C04F79EFBC}") = "UnityEditor.UI", "UnityEditor.UI.csproj", "{58D92073-9702-29C8-05CC-BCF3FC746328}"
EndProject
Global
	GlobalSection(SolutionConfigurationPlatforms) = preSolution
		Debug|Any CPU = Debug|Any CPU
		Release|Any CPU = Release|Any CPU
	EndGlobalSection
	GlobalSection(ProjectConfigurationPlatforms) = postSolution
		{AACBF33E-681E-892E-C6CC-282714104A6A}.Debug|Any CPU.ActiveCfg = Debug|Any CPU
		{AACBF33E-681E-892E-C6CC-282714104A6A}.Debug|Any CPU.Build.0 = Debug|Any CPU
		{AACBF33E-681E-892E-C6CC-282714104A6A}.Release|Any CPU.ActiveCfg = Release|Any CPU
		{AACBF33E-681E-892E-C6CC-282714104A6A}.Release|Any CPU.Build.0 = Release|Any CPU
		{0DC209D4-83E2-3320-D70E-005F731B15F3}.Debug|Any CPU.ActiveCfg = Debug|Any CPU
		{0DC209D4-83E2-3320-D70E-005F731B15F3}.Debug|Any CPU.Build.0 = Debug|Any CPU
		{0DC209D4-83E2-3320-D70E-005F731B15F3}.Release|Any CPU.ActiveCfg = Release|Any CPU
		{0DC209D4-83E2-3320-D70E-005F731B15F3}.Release|Any CPU.Build.0 = Release|Any CPU
		{68581EC0-35A9-CC04-B913-B952798E20FC}.Debug|Any CPU.ActiveCfg = Debug|Any CPU
		{68581EC0-35A9-CC04-B913-B952798E20FC}.Debug|Any CPU.Build.0 = Debug|Any CPU
		{68581EC0-35A9-CC04-B913-B952798E20FC}.Release|Any CPU.ActiveCfg = Release|Any CPU
		{68581EC0-35A9-CC04-B913-B952798E20FC}.Release|Any CPU.Build.0 = Release|Any CPU
		{3AFC0D39-C66B-460D-10C3-952F13BE9885}.Debug|Any CPU.ActiveCfg = Debug|Any CPU
		{3AFC0D39-C66B-460D-10C3-952F13BE9885}.Debug|Any CPU.Build.0 = Debug|Any CPU
		{3AFC0D39-C66B-460D-10C3-952F13BE9885}.Release|Any CPU.ActiveCfg = Release|Any CPU
		{3AFC0D39-C66B-460D-10C3-952F13BE9885}.Release|Any CPU.Build.0 = Release|Any CPU
		{58D92073-9702-29C8-05CC-BCF3FC746328}.Debug|Any CPU.ActiveCfg = Debug|Any CPU
		{58D92073-9702-29C8-05CC-BCF3FC746328}.Debug|Any CPU.Build.0 = Debug|Any CPU
		{58D92073-9702-29C8-05CC-BCF3FC746328}.Release|Any CPU.ActiveCfg = Release|Any CPU
		{58D92073-9702-29C8-05CC-BCF3FC746328}.Release|Any CPU.Build.0 = Release|Any CPU
	EndGlobalSection
	GlobalSection(SolutionProperties) = preSolution
		HideSolutionNode = FALSE
	EndGlobalSection
EndGlobal
